// !$*UTF8*$!
{
	archiveVersion = 1;
	classes = {
	};
	objectVersion = 50;
	objects = {

/* Begin PBXBuildFile section */
		139731962F3D2A9983443E65 /* Pods_NewsApp.framework in Frameworks */ = {isa = PBXBuildFile; fileRef = 6D35962121A3C0B52D4D4CD2 /* Pods_NewsApp.framework */; };
		6C7138E80F4A8309EDF4FD60 /* Pods_NewsAppTests.framework in Frameworks */ = {isa = PBXBuildFile; fileRef = 3EDF3CDBC19591C347FF5BDB /* Pods_NewsAppTests.framework */; };
		84C3CE5923281EE6005F354D /* NewsCell.swift in Sources */ = {isa = PBXBuildFile; fileRef = 84C3CE5823281EE6005F354D /* NewsCell.swift */; };
		84C3CE5A232821B3005F354D /* RobotoSlab-Regular.ttf in Resources */ = {isa = PBXBuildFile; fileRef = 84C6C38E2328139D00E17AA4 /* RobotoSlab-Regular.ttf */; };
		84C3CE5B232821B9005F354D /* RobotoSlab-Bold.ttf in Resources */ = {isa = PBXBuildFile; fileRef = 84C6C38D2328139600E17AA4 /* RobotoSlab-Bold.ttf */; };
		84C3CE6723295054005F354D /* RequestUrl.swift in Sources */ = {isa = PBXBuildFile; fileRef = 84C3CE6623295054005F354D /* RequestUrl.swift */; };
		84C3CE692329506D005F354D /* Network.swift in Sources */ = {isa = PBXBuildFile; fileRef = 84C3CE682329506D005F354D /* Network.swift */; };
		84C3CE6D2329533F005F354D /* NewsModel.swift in Sources */ = {isa = PBXBuildFile; fileRef = 84C3CE6C2329533F005F354D /* NewsModel.swift */; };
		84C3CE6F23295354005F354D /* NewsViewModel.swift in Sources */ = {isa = PBXBuildFile; fileRef = 84C3CE6E23295354005F354D /* NewsViewModel.swift */; };
		84C3CE7123295540005F354D /* ResponseDecode.swift in Sources */ = {isa = PBXBuildFile; fileRef = 84C3CE7023295540005F354D /* ResponseDecode.swift */; };
		84C3CE7323296867005F354D /* NewsTableViewCellModel.swift in Sources */ = {isa = PBXBuildFile; fileRef = 84C3CE7223296867005F354D /* NewsTableViewCellModel.swift */; };
		84C3CE7623296B2A005F354D /* Extensions.swift in Sources */ = {isa = PBXBuildFile; fileRef = 84C3CE7523296B2A005F354D /* Extensions.swift */; };
		84C3CE79232A8C52005F354D /* HeadlineDetailsViewController.swift in Sources */ = {isa = PBXBuildFile; fileRef = 84C3CE78232A8C52005F354D /* HeadlineDetailsViewController.swift */; };
		84C6C36B23280B0D00E17AA4 /* AppDelegate.swift in Sources */ = {isa = PBXBuildFile; fileRef = 84C6C36A23280B0D00E17AA4 /* AppDelegate.swift */; };
		84C6C36D23280B0D00E17AA4 /* NewsListViewController.swift in Sources */ = {isa = PBXBuildFile; fileRef = 84C6C36C23280B0D00E17AA4 /* NewsListViewController.swift */; };
		84C6C37023280B0D00E17AA4 /* Main.storyboard in Resources */ = {isa = PBXBuildFile; fileRef = 84C6C36E23280B0D00E17AA4 /* Main.storyboard */; };
		84C6C37223280B0E00E17AA4 /* Assets.xcassets in Resources */ = {isa = PBXBuildFile; fileRef = 84C6C37123280B0E00E17AA4 /* Assets.xcassets */; };
		84C6C37523280B0E00E17AA4 /* LaunchScreen.storyboard in Resources */ = {isa = PBXBuildFile; fileRef = 84C6C37323280B0E00E17AA4 /* LaunchScreen.storyboard */; };
		84C6C38023280B0E00E17AA4 /* NewsAppTests.swift in Sources */ = {isa = PBXBuildFile; fileRef = 84C6C37F23280B0E00E17AA4 /* NewsAppTests.swift */; };
/* End PBXBuildFile section */

/* Begin PBXContainerItemProxy section */
		84C6C37C23280B0E00E17AA4 /* PBXContainerItemProxy */ = {
			isa = PBXContainerItemProxy;
			containerPortal = 84C6C35F23280B0D00E17AA4 /* Project object */;
			proxyType = 1;
			remoteGlobalIDString = 84C6C36623280B0D00E17AA4;
			remoteInfo = NewsApp;
		};
/* End PBXContainerItemProxy section */

/* Begin PBXFileReference section */
		14654C678430E89891F5D142 /* Pods-NewsAppTests.release.xcconfig */ = {isa = PBXFileReference; includeInIndex = 1; lastKnownFileType = text.xcconfig; name = "Pods-NewsAppTests.release.xcconfig"; path = "Pods/Target Support Files/Pods-NewsAppTests/Pods-NewsAppTests.release.xcconfig"; sourceTree = "<group>"; };
		308869E45C3672D1D0CECF43 /* Pods-NewsApp.debug.xcconfig */ = {isa = PBXFileReference; includeInIndex = 1; lastKnownFileType = text.xcconfig; name = "Pods-NewsApp.debug.xcconfig"; path = "Pods/Target Support Files/Pods-NewsApp/Pods-NewsApp.debug.xcconfig"; sourceTree = "<group>"; };
		3EDF3CDBC19591C347FF5BDB /* Pods_NewsAppTests.framework */ = {isa = PBXFileReference; explicitFileType = wrapper.framework; includeInIndex = 0; path = Pods_NewsAppTests.framework; sourceTree = BUILT_PRODUCTS_DIR; };
		6D35962121A3C0B52D4D4CD2 /* Pods_NewsApp.framework */ = {isa = PBXFileReference; explicitFileType = wrapper.framework; includeInIndex = 0; path = Pods_NewsApp.framework; sourceTree = BUILT_PRODUCTS_DIR; };
		84C3CE5823281EE6005F354D /* NewsCell.swift */ = {isa = PBXFileReference; lastKnownFileType = sourcecode.swift; path = NewsCell.swift; sourceTree = "<group>"; };
		84C3CE6623295054005F354D /* RequestUrl.swift */ = {isa = PBXFileReference; lastKnownFileType = sourcecode.swift; path = RequestUrl.swift; sourceTree = "<group>"; };
		84C3CE682329506D005F354D /* Network.swift */ = {isa = PBXFileReference; lastKnownFileType = sourcecode.swift; path = Network.swift; sourceTree = "<group>"; };
		84C3CE6C2329533F005F354D /* NewsModel.swift */ = {isa = PBXFileReference; lastKnownFileType = sourcecode.swift; path = NewsModel.swift; sourceTree = "<group>"; };
		84C3CE6E23295354005F354D /* NewsViewModel.swift */ = {isa = PBXFileReference; lastKnownFileType = sourcecode.swift; path = NewsViewModel.swift; sourceTree = "<group>"; };
		84C3CE7023295540005F354D /* ResponseDecode.swift */ = {isa = PBXFileReference; lastKnownFileType = sourcecode.swift; path = ResponseDecode.swift; sourceTree = "<group>"; };
		84C3CE7223296867005F354D /* NewsTableViewCellModel.swift */ = {isa = PBXFileReference; lastKnownFileType = sourcecode.swift; path = NewsTableViewCellModel.swift; sourceTree = "<group>"; };
		84C3CE7523296B2A005F354D /* Extensions.swift */ = {isa = PBXFileReference; lastKnownFileType = sourcecode.swift; path = Extensions.swift; sourceTree = "<group>"; };
		84C3CE78232A8C52005F354D /* HeadlineDetailsViewController.swift */ = {isa = PBXFileReference; lastKnownFileType = sourcecode.swift; path = HeadlineDetailsViewController.swift; sourceTree = "<group>"; };
		84C6C36723280B0D00E17AA4 /* NewsApp.app */ = {isa = PBXFileReference; explicitFileType = wrapper.application; includeInIndex = 0; path = NewsApp.app; sourceTree = BUILT_PRODUCTS_DIR; };
		84C6C36A23280B0D00E17AA4 /* AppDelegate.swift */ = {isa = PBXFileReference; lastKnownFileType = sourcecode.swift; path = AppDelegate.swift; sourceTree = "<group>"; };
		84C6C36C23280B0D00E17AA4 /* NewsListViewController.swift */ = {isa = PBXFileReference; lastKnownFileType = sourcecode.swift; path = NewsListViewController.swift; sourceTree = "<group>"; };
		84C6C36F23280B0D00E17AA4 /* Base */ = {isa = PBXFileReference; lastKnownFileType = file.storyboard; name = Base; path = Base.lproj/Main.storyboard; sourceTree = "<group>"; };
		84C6C37123280B0E00E17AA4 /* Assets.xcassets */ = {isa = PBXFileReference; lastKnownFileType = folder.assetcatalog; path = Assets.xcassets; sourceTree = "<group>"; };
		84C6C37423280B0E00E17AA4 /* Base */ = {isa = PBXFileReference; lastKnownFileType = file.storyboard; name = Base; path = Base.lproj/LaunchScreen.storyboard; sourceTree = "<group>"; };
		84C6C37623280B0E00E17AA4 /* Info.plist */ = {isa = PBXFileReference; lastKnownFileType = text.plist.xml; path = Info.plist; sourceTree = "<group>"; };
		84C6C37B23280B0E00E17AA4 /* NewsAppTests.xctest */ = {isa = PBXFileReference; explicitFileType = wrapper.cfbundle; includeInIndex = 0; path = NewsAppTests.xctest; sourceTree = BUILT_PRODUCTS_DIR; };
		84C6C37F23280B0E00E17AA4 /* NewsAppTests.swift */ = {isa = PBXFileReference; lastKnownFileType = sourcecode.swift; path = NewsAppTests.swift; sourceTree = "<group>"; };
		84C6C38123280B0E00E17AA4 /* Info.plist */ = {isa = PBXFileReference; lastKnownFileType = text.plist.xml; path = Info.plist; sourceTree = "<group>"; };
		84C6C38D2328139600E17AA4 /* RobotoSlab-Bold.ttf */ = {isa = PBXFileReference; lastKnownFileType = file; path = "RobotoSlab-Bold.ttf"; sourceTree = "<group>"; };
		84C6C38E2328139D00E17AA4 /* RobotoSlab-Regular.ttf */ = {isa = PBXFileReference; lastKnownFileType = file; path = "RobotoSlab-Regular.ttf"; sourceTree = "<group>"; };
		BCB749196D31D89EDD01A19C /* Pods-NewsApp.release.xcconfig */ = {isa = PBXFileReference; includeInIndex = 1; lastKnownFileType = text.xcconfig; name = "Pods-NewsApp.release.xcconfig"; path = "Pods/Target Support Files/Pods-NewsApp/Pods-NewsApp.release.xcconfig"; sourceTree = "<group>"; };
		CB17AC9BE93AFF15E7A90284 /* Pods-NewsAppTests.debug.xcconfig */ = {isa = PBXFileReference; includeInIndex = 1; lastKnownFileType = text.xcconfig; name = "Pods-NewsAppTests.debug.xcconfig"; path = "Pods/Target Support Files/Pods-NewsAppTests/Pods-NewsAppTests.debug.xcconfig"; sourceTree = "<group>"; };
/* End PBXFileReference section */

/* Begin PBXFrameworksBuildPhase section */
		84C6C36423280B0D00E17AA4 /* Frameworks */ = {
			isa = PBXFrameworksBuildPhase;
			buildActionMask = 2147483647;
			files = (
				139731962F3D2A9983443E65 /* Pods_NewsApp.framework in Frameworks */,
			);
			runOnlyForDeploymentPostprocessing = 0;
		};
		84C6C37823280B0E00E17AA4 /* Frameworks */ = {
			isa = PBXFrameworksBuildPhase;
			buildActionMask = 2147483647;
			files = (
				6C7138E80F4A8309EDF4FD60 /* Pods_NewsAppTests.framework in Frameworks */,
			);
			runOnlyForDeploymentPostprocessing = 0;
		};
/* End PBXFrameworksBuildPhase section */

/* Begin PBXGroup section */
		84C3CE5623281EC6005F354D /* Views */ = {
			isa = PBXGroup;
			children = (
				84C3CE5723281ED1005F354D /* Cells */,
			);
			path = Views;
			sourceTree = "<group>";
		};
		84C3CE5723281ED1005F354D /* Cells */ = {
			isa = PBXGroup;
			children = (
				84C3CE5823281EE6005F354D /* NewsCell.swift */,
			);
			path = Cells;
			sourceTree = "<group>";
		};
		84C3CE6523295018005F354D /* Network */ = {
			isa = PBXGroup;
			children = (
				84C3CE6623295054005F354D /* RequestUrl.swift */,
				84C3CE682329506D005F354D /* Network.swift */,
			);
			path = Network;
			sourceTree = "<group>";
		};
		84C3CE6A232952FB005F354D /* ViewModels */ = {
			isa = PBXGroup;
			children = (
				84C3CE6E23295354005F354D /* NewsViewModel.swift */,
				84C3CE7223296867005F354D /* NewsTableViewCellModel.swift */,
			);
			path = ViewModels;
			sourceTree = "<group>";
		};
		84C3CE6B2329530E005F354D /* Models */ = {
			isa = PBXGroup;
			children = (
				84C3CE6C2329533F005F354D /* NewsModel.swift */,
				84C3CE7023295540005F354D /* ResponseDecode.swift */,
			);
			path = Models;
			sourceTree = "<group>";
		};
		84C3CE7423296B16005F354D /* Resuseables */ = {
			isa = PBXGroup;
			children = (
				84C3CE7723296B34005F354D /* Extensions */,
			);
			path = Resuseables;
			sourceTree = "<group>";
		};
		84C3CE7723296B34005F354D /* Extensions */ = {
			isa = PBXGroup;
			children = (
				84C3CE7523296B2A005F354D /* Extensions.swift */,
			);
			path = Extensions;
			sourceTree = "<group>";
		};
		84C6C35E23280B0D00E17AA4 = {
			isa = PBXGroup;
			children = (
				84C6C36923280B0D00E17AA4 /* NewsApp */,
				84C6C37E23280B0E00E17AA4 /* NewsAppTests */,
				84C6C36823280B0D00E17AA4 /* Products */,
				CBEDA7380FE6DCECA25AC9F4 /* Pods */,
				F4DF178F3DCF373EC4FA6943 /* Frameworks */,
			);
			sourceTree = "<group>";
		};
		84C6C36823280B0D00E17AA4 /* Products */ = {
			isa = PBXGroup;
			children = (
				84C6C36723280B0D00E17AA4 /* NewsApp.app */,
				84C6C37B23280B0E00E17AA4 /* NewsAppTests.xctest */,
			);
			name = Products;
			sourceTree = "<group>";
		};
		84C6C36923280B0D00E17AA4 /* NewsApp */ = {
			isa = PBXGroup;
			children = (
				84C3CE7423296B16005F354D /* Resuseables */,
				84C3CE6B2329530E005F354D /* Models */,
				84C3CE6A232952FB005F354D /* ViewModels */,
				84C3CE6523295018005F354D /* Network */,
				84C3CE5623281EC6005F354D /* Views */,
				84C6C3942328193800E17AA4 /* Base Classes */,
				84C6C3952328194D00E17AA4 /* Resources */,
				84C6C3932328191B00E17AA4 /* App Delegate */,
				84C6C38F2328185F00E17AA4 /* Custom */,
			);
			path = NewsApp;
			sourceTree = "<group>";
		};
		84C6C37E23280B0E00E17AA4 /* NewsAppTests */ = {
			isa = PBXGroup;
			children = (
				84C6C37F23280B0E00E17AA4 /* NewsAppTests.swift */,
				84C6C38123280B0E00E17AA4 /* Info.plist */,
			);
			path = NewsAppTests;
			sourceTree = "<group>";
		};
		84C6C38A2328132300E17AA4 /* Fonts */ = {
			isa = PBXGroup;
			children = (
				84C6C38E2328139D00E17AA4 /* RobotoSlab-Regular.ttf */,
				84C6C38D2328139600E17AA4 /* RobotoSlab-Bold.ttf */,
			);
			path = Fonts;
			sourceTree = "<group>";
		};
		84C6C38F2328185F00E17AA4 /* Custom */ = {
			isa = PBXGroup;
			children = (
				84C6C38A2328132300E17AA4 /* Fonts */,
			);
			path = Custom;
			sourceTree = "<group>";
		};
		84C6C3932328191B00E17AA4 /* App Delegate */ = {
			isa = PBXGroup;
			children = (
				84C6C36A23280B0D00E17AA4 /* AppDelegate.swift */,
			);
			path = "App Delegate";
			sourceTree = "<group>";
		};
		84C6C3942328193800E17AA4 /* Base Classes */ = {
			isa = PBXGroup;
			children = (
				84C6C36C23280B0D00E17AA4 /* NewsListViewController.swift */,
				84C3CE78232A8C52005F354D /* HeadlineDetailsViewController.swift */,
			);
			path = "Base Classes";
			sourceTree = "<group>";
		};
		84C6C3952328194D00E17AA4 /* Resources */ = {
			isa = PBXGroup;
			children = (
				84C6C36E23280B0D00E17AA4 /* Main.storyboard */,
				84C6C37123280B0E00E17AA4 /* Assets.xcassets */,
				84C6C37323280B0E00E17AA4 /* LaunchScreen.storyboard */,
				84C6C37623280B0E00E17AA4 /* Info.plist */,
			);
			path = Resources;
			sourceTree = "<group>";
		};
		CBEDA7380FE6DCECA25AC9F4 /* Pods */ = {
			isa = PBXGroup;
			children = (
				308869E45C3672D1D0CECF43 /* Pods-NewsApp.debug.xcconfig */,
				BCB749196D31D89EDD01A19C /* Pods-NewsApp.release.xcconfig */,
				CB17AC9BE93AFF15E7A90284 /* Pods-NewsAppTests.debug.xcconfig */,
				14654C678430E89891F5D142 /* Pods-NewsAppTests.release.xcconfig */,
			);
			name = Pods;
			sourceTree = "<group>";
		};
		F4DF178F3DCF373EC4FA6943 /* Frameworks */ = {
			isa = PBXGroup;
			children = (
				6D35962121A3C0B52D4D4CD2 /* Pods_NewsApp.framework */,
				3EDF3CDBC19591C347FF5BDB /* Pods_NewsAppTests.framework */,
			);
			name = Frameworks;
			sourceTree = "<group>";
		};
/* End PBXGroup section */

/* Begin PBXNativeTarget section */
		84C6C36623280B0D00E17AA4 /* NewsApp */ = {
			isa = PBXNativeTarget;
			buildConfigurationList = 84C6C38423280B0E00E17AA4 /* Build configuration list for PBXNativeTarget "NewsApp" */;
			buildPhases = (
				91AB3CA0148CD9C08AA2E4FA /* [CP] Check Pods Manifest.lock */,
				84C6C36323280B0D00E17AA4 /* Sources */,
				84C6C36423280B0D00E17AA4 /* Frameworks */,
				84C6C36523280B0D00E17AA4 /* Resources */,
				301647F52EBF83EACEB5531F /* [CP] Embed Pods Frameworks */,
			);
			buildRules = (
			);
			dependencies = (
			);
			name = NewsApp;
			productName = NewsApp;
			productReference = 84C6C36723280B0D00E17AA4 /* NewsApp.app */;
			productType = "com.apple.product-type.application";
		};
		84C6C37A23280B0E00E17AA4 /* NewsAppTests */ = {
			isa = PBXNativeTarget;
			buildConfigurationList = 84C6C38723280B0E00E17AA4 /* Build configuration list for PBXNativeTarget "NewsAppTests" */;
			buildPhases = (
				3C0CEEA6AC17B8165478C08A /* [CP] Check Pods Manifest.lock */,
				84C6C37723280B0E00E17AA4 /* Sources */,
				84C6C37823280B0E00E17AA4 /* Frameworks */,
				84C6C37923280B0E00E17AA4 /* Resources */,
			);
			buildRules = (
			);
			dependencies = (
				84C6C37D23280B0E00E17AA4 /* PBXTargetDependency */,
			);
			name = NewsAppTests;
			productName = NewsAppTests;
			productReference = 84C6C37B23280B0E00E17AA4 /* NewsAppTests.xctest */;
			productType = "com.apple.product-type.bundle.unit-test";
		};
/* End PBXNativeTarget section */

/* Begin PBXProject section */
		84C6C35F23280B0D00E17AA4 /* Project object */ = {
			isa = PBXProject;
			attributes = {
				LastSwiftUpdateCheck = 1030;
				LastUpgradeCheck = 1030;
				ORGANIZATIONNAME = Farooq;
				TargetAttributes = {
					84C6C36623280B0D00E17AA4 = {
						CreatedOnToolsVersion = 10.3;
					};
					84C6C37A23280B0E00E17AA4 = {
						CreatedOnToolsVersion = 10.3;
						TestTargetID = 84C6C36623280B0D00E17AA4;
					};
				};
			};
			buildConfigurationList = 84C6C36223280B0D00E17AA4 /* Build configuration list for PBXProject "NewsApp" */;
			compatibilityVersion = "Xcode 9.3";
			developmentRegion = en;
			hasScannedForEncodings = 0;
			knownRegions = (
				en,
				Base,
			);
			mainGroup = 84C6C35E23280B0D00E17AA4;
			productRefGroup = 84C6C36823280B0D00E17AA4 /* Products */;
			projectDirPath = "";
			projectRoot = "";
			targets = (
				84C6C36623280B0D00E17AA4 /* NewsApp */,
				84C6C37A23280B0E00E17AA4 /* NewsAppTests */,
			);
		};
/* End PBXProject section */

/* Begin PBXResourcesBuildPhase section */
		84C6C36523280B0D00E17AA4 /* Resources */ = {
			isa = PBXResourcesBuildPhase;
			buildActionMask = 2147483647;
			files = (
				84C3CE5B232821B9005F354D /* RobotoSlab-Bold.ttf in Resources */,
				84C3CE5A232821B3005F354D /* RobotoSlab-Regular.ttf in Resources */,
				84C6C37523280B0E00E17AA4 /* LaunchScreen.storyboard in Resources */,
				84C6C37223280B0E00E17AA4 /* Assets.xcassets in Resources */,
				84C6C37023280B0D00E17AA4 /* Main.storyboard in Resources */,
			);
			runOnlyForDeploymentPostprocessing = 0;
		};
		84C6C37923280B0E00E17AA4 /* Resources */ = {
			isa = PBXResourcesBuildPhase;
			buildActionMask = 2147483647;
			files = (
			);
			runOnlyForDeploymentPostprocessing = 0;
		};
/* End PBXResourcesBuildPhase section */

/* Begin PBXShellScriptBuildPhase section */
		301647F52EBF83EACEB5531F /* [CP] Embed Pods Frameworks */ = {
			isa = PBXShellScriptBuildPhase;
			buildActionMask = 2147483647;
			files = (
			);
			inputFileListPaths = (
			);
			inputPaths = (
				"${SRCROOT}/Pods/Target Support Files/Pods-NewsApp/Pods-NewsApp-frameworks.sh",
				"${BUILT_PRODUCTS_DIR}/Alamofire/Alamofire.framework",
				"${BUILT_PRODUCTS_DIR}/AlamofireImage/AlamofireImage.framework",
			);
			name = "[CP] Embed Pods Frameworks";
			outputFileListPaths = (
			);
			outputPaths = (
				"${TARGET_BUILD_DIR}/${FRAMEWORKS_FOLDER_PATH}/Alamofire.framework",
				"${TARGET_BUILD_DIR}/${FRAMEWORKS_FOLDER_PATH}/AlamofireImage.framework",
			);
			runOnlyForDeploymentPostprocessing = 0;
			shellPath = /bin/sh;
			shellScript = "\"${SRCROOT}/Pods/Target Support Files/Pods-NewsApp/Pods-NewsApp-frameworks.sh\"\n";
			showEnvVarsInLog = 0;
		};
		3C0CEEA6AC17B8165478C08A /* [CP] Check Pods Manifest.lock */ = {
			isa = PBXShellScriptBuildPhase;
			buildActionMask = 2147483647;
			files = (
			);
			inputFileListPaths = (
			);
			inputPaths = (
				"${PODS_PODFILE_DIR_PATH}/Podfile.lock",
				"${PODS_ROOT}/Manifest.lock",
			);
			name = "[CP] Check Pods Manifest.lock";
			outputFileListPaths = (
			);
			outputPaths = (
				"$(DERIVED_FILE_DIR)/Pods-NewsAppTests-checkManifestLockResult.txt",
			);
			runOnlyForDeploymentPostprocessing = 0;
			shellPath = /bin/sh;
			shellScript = "diff \"${PODS_PODFILE_DIR_PATH}/Podfile.lock\" \"${PODS_ROOT}/Manifest.lock\" > /dev/null\nif [ $? != 0 ] ; then\n    # print error to STDERR\n    echo \"error: The sandbox is not in sync with the Podfile.lock. Run 'pod install' or update your CocoaPods installation.\" >&2\n    exit 1\nfi\n# This output is used by Xcode 'outputs' to avoid re-running this script phase.\necho \"SUCCESS\" > \"${SCRIPT_OUTPUT_FILE_0}\"\n";
			showEnvVarsInLog = 0;
		};
		91AB3CA0148CD9C08AA2E4FA /* [CP] Check Pods Manifest.lock */ = {
			isa = PBXShellScriptBuildPhase;
			buildActionMask = 2147483647;
			files = (
			);
			inputFileListPaths = (
			);
			inputPaths = (
				"${PODS_PODFILE_DIR_PATH}/Podfile.lock",
				"${PODS_ROOT}/Manifest.lock",
			);
			name = "[CP] Check Pods Manifest.lock";
			outputFileListPaths = (
			);
			outputPaths = (
				"$(DERIVED_FILE_DIR)/Pods-NewsApp-checkManifestLockResult.txt",
			);
			runOnlyForDeploymentPostprocessing = 0;
			shellPath = /bin/sh;
			shellScript = "diff \"${PODS_PODFILE_DIR_PATH}/Podfile.lock\" \"${PODS_ROOT}/Manifest.lock\" > /dev/null\nif [ $? != 0 ] ; then\n    # print error to STDERR\n    echo \"error: The sandbox is not in sync with the Podfile.lock. Run 'pod install' or update your CocoaPods installation.\" >&2\n    exit 1\nfi\n# This output is used by Xcode 'outputs' to avoid re-running this script phase.\necho \"SUCCESS\" > \"${SCRIPT_OUTPUT_FILE_0}\"\n";
			showEnvVarsInLog = 0;
		};
/* End PBXShellScriptBuildPhase section */

/* Begin PBXSourcesBuildPhase section */
		84C6C36323280B0D00E17AA4 /* Sources */ = {
			isa = PBXSourcesBuildPhase;
			buildActionMask = 2147483647;
			files = (
				84C3CE6D2329533F005F354D /* NewsModel.swift in Sources */,
				84C3CE79232A8C52005F354D /* HeadlineDetailsViewController.swift in Sources */,
				84C3CE692329506D005F354D /* Network.swift in Sources */,
				84C3CE7123295540005F354D /* ResponseDecode.swift in Sources */,
				84C3CE7323296867005F354D /* NewsTableViewCellModel.swift in Sources */,
				84C6C36D23280B0D00E17AA4 /* NewsListViewController.swift in Sources */,
				84C3CE7623296B2A005F354D /* Extensions.swift in Sources */,
				84C6C36B23280B0D00E17AA4 /* AppDelegate.swift in Sources */,
				84C3CE6F23295354005F354D /* NewsViewModel.swift in Sources */,
				84C3CE5923281EE6005F354D /* NewsCell.swift in Sources */,
				84C3CE6723295054005F354D /* RequestUrl.swift in Sources */,
			);
			runOnlyForDeploymentPostprocessing = 0;
		};
		84C6C37723280B0E00E17AA4 /* Sources */ = {
			isa = PBXSourcesBuildPhase;
			buildActionMask = 2147483647;
			files = (
				84C6C38023280B0E00E17AA4 /* NewsAppTests.swift in Sources */,
			);
			runOnlyForDeploymentPostprocessing = 0;
		};
/* End PBXSourcesBuildPhase section */

/* Begin PBXTargetDependency section */
		84C6C37D23280B0E00E17AA4 /* PBXTargetDependency */ = {
			isa = PBXTargetDependency;
			target = 84C6C36623280B0D00E17AA4 /* NewsApp */;
			targetProxy = 84C6C37C23280B0E00E17AA4 /* PBXContainerItemProxy */;
		};
/* End PBXTargetDependency section */

/* Begin PBXVariantGroup section */
		84C6C36E23280B0D00E17AA4 /* Main.storyboard */ = {
			isa = PBXVariantGroup;
			children = (
				84C6C36F23280B0D00E17AA4 /* Base */,
			);
			name = Main.storyboard;
			sourceTree = "<group>";
		};
		84C6C37323280B0E00E17AA4 /* LaunchScreen.storyboard */ = {
			isa = PBXVariantGroup;
			children = (
				84C6C37423280B0E00E17AA4 /* Base */,
			);
			name = LaunchScreen.storyboard;
			sourceTree = "<group>";
		};
/* End PBXVariantGroup section */

/* Begin XCBuildConfiguration section */
		84C6C38223280B0E00E17AA4 /* Debug */ = {
			isa = XCBuildConfiguration;
			buildSettings = {
				ALWAYS_SEARCH_USER_PATHS = NO;
				CLANG_ANALYZER_NONNULL = YES;
				CLANG_ANALYZER_NUMBER_OBJECT_CONVERSION = YES_AGGRESSIVE;
				CLANG_CXX_LANGUAGE_STANDARD = "gnu++14";
				CLANG_CXX_LIBRARY = "libc++";
				CLANG_ENABLE_MODULES = YES;
				CLANG_ENABLE_OBJC_ARC = YES;
				CLANG_ENABLE_OBJC_WEAK = YES;
				CLANG_WARN_BLOCK_CAPTURE_AUTORELEASING = YES;
				CLANG_WARN_BOOL_CONVERSION = YES;
				CLANG_WARN_COMMA = YES;
				CLANG_WARN_CONSTANT_CONVERSION = YES;
				CLANG_WARN_DEPRECATED_OBJC_IMPLEMENTATIONS = YES;
				CLANG_WARN_DIRECT_OBJC_ISA_USAGE = YES_ERROR;
				CLANG_WARN_DOCUMENTATION_COMMENTS = YES;
				CLANG_WARN_EMPTY_BODY = YES;
				CLANG_WARN_ENUM_CONVERSION = YES;
				CLANG_WARN_INFINITE_RECURSION = YES;
				CLANG_WARN_INT_CONVERSION = YES;
				CLANG_WARN_NON_LITERAL_NULL_CONVERSION = YES;
				CLANG_WARN_OBJC_IMPLICIT_RETAIN_SELF = YES;
				CLANG_WARN_OBJC_LITERAL_CONVERSION = YES;
				CLANG_WARN_OBJC_ROOT_CLASS = YES_ERROR;
				CLANG_WARN_RANGE_LOOP_ANALYSIS = YES;
				CLANG_WARN_STRICT_PROTOTYPES = YES;
				CLANG_WARN_SUSPICIOUS_MOVE = YES;
				CLANG_WARN_UNGUARDED_AVAILABILITY = YES_AGGRESSIVE;
				CLANG_WARN_UNREACHABLE_CODE = YES;
				CLANG_WARN__DUPLICATE_METHOD_MATCH = YES;
				CODE_SIGN_IDENTITY = "iPhone Developer";
				COPY_PHASE_STRIP = NO;
				DEBUG_INFORMATION_FORMAT = dwarf;
				ENABLE_STRICT_OBJC_MSGSEND = YES;
				ENABLE_TESTABILITY = YES;
				GCC_C_LANGUAGE_STANDARD = gnu11;
				GCC_DYNAMIC_NO_PIC = NO;
				GCC_NO_COMMON_BLOCKS = YES;
				GCC_OPTIMIZATION_LEVEL = 0;
				GCC_PREPROCESSOR_DEFINITIONS = (
					"DEBUG=1",
					"$(inherited)",
				);
				GCC_WARN_64_TO_32_BIT_CONVERSION = YES;
				GCC_WARN_ABOUT_RETURN_TYPE = YES_ERROR;
				GCC_WARN_UNDECLARED_SELECTOR = YES;
				GCC_WARN_UNINITIALIZED_AUTOS = YES_AGGRESSIVE;
				GCC_WARN_UNUSED_FUNCTION = YES;
				GCC_WARN_UNUSED_VARIABLE = YES;
				IPHONEOS_DEPLOYMENT_TARGET = 12.4;
				MTL_ENABLE_DEBUG_INFO = INCLUDE_SOURCE;
				MTL_FAST_MATH = YES;
				ONLY_ACTIVE_ARCH = YES;
				SDKROOT = iphoneos;
				SWIFT_ACTIVE_COMPILATION_CONDITIONS = DEBUG;
				SWIFT_OPTIMIZATION_LEVEL = "-Onone";
			};
			name = Debug;
		};
		84C6C38323280B0E00E17AA4 /* Release */ = {
			isa = XCBuildConfiguration;
			buildSettings = {
				ALWAYS_SEARCH_USER_PATHS = NO;
				CLANG_ANALYZER_NONNULL = YES;
				CLANG_ANALYZER_NUMBER_OBJECT_CONVERSION = YES_AGGRESSIVE;
				CLANG_CXX_LANGUAGE_STANDARD = "gnu++14";
				CLANG_CXX_LIBRARY = "libc++";
				CLANG_ENABLE_MODULES = YES;
				CLANG_ENABLE_OBJC_ARC = YES;
				CLANG_ENABLE_OBJC_WEAK = YES;
				CLANG_WARN_BLOCK_CAPTURE_AUTORELEASING = YES;
				CLANG_WARN_BOOL_CONVERSION = YES;
				CLANG_WARN_COMMA = YES;
				CLANG_WARN_CONSTANT_CONVERSION = YES;
				CLANG_WARN_DEPRECATED_OBJC_IMPLEMENTATIONS = YES;
				CLANG_WARN_DIRECT_OBJC_ISA_USAGE = YES_ERROR;
				CLANG_WARN_DOCUMENTATION_COMMENTS = YES;
				CLANG_WARN_EMPTY_BODY = YES;
				CLANG_WARN_ENUM_CONVERSION = YES;
				CLANG_WARN_INFINITE_RECURSION = YES;
				CLANG_WARN_INT_CONVERSION = YES;
				CLANG_WARN_NON_LITERAL_NULL_CONVERSION = YES;
				CLANG_WARN_OBJC_IMPLICIT_RETAIN_SELF = YES;
				CLANG_WARN_OBJC_LITERAL_CONVERSION = YES;
				CLANG_WARN_OBJC_ROOT_CLASS = YES_ERROR;
				CLANG_WARN_RANGE_LOOP_ANALYSIS = YES;
				CLANG_WARN_STRICT_PROTOTYPES = YES;
				CLANG_WARN_SUSPICIOUS_MOVE = YES;
				CLANG_WARN_UNGUARDED_AVAILABILITY = YES_AGGRESSIVE;
				CLANG_WARN_UNREACHABLE_CODE = YES;
				CLANG_WARN__DUPLICATE_METHOD_MATCH = YES;
				CODE_SIGN_IDENTITY = "iPhone Developer";
				COPY_PHASE_STRIP = NO;
				DEBUG_INFORMATION_FORMAT = "dwarf-with-dsym";
				ENABLE_NS_ASSERTIONS = NO;
				ENABLE_STRICT_OBJC_MSGSEND = YES;
				GCC_C_LANGUAGE_STANDARD = gnu11;
				GCC_NO_COMMON_BLOCKS = YES;
				GCC_WARN_64_TO_32_BIT_CONVERSION = YES;
				GCC_WARN_ABOUT_RETURN_TYPE = YES_ERROR;
				GCC_WARN_UNDECLARED_SELECTOR = YES;
				GCC_WARN_UNINITIALIZED_AUTOS = YES_AGGRESSIVE;
				GCC_WARN_UNUSED_FUNCTION = YES;
				GCC_WARN_UNUSED_VARIABLE = YES;
				IPHONEOS_DEPLOYMENT_TARGET = 12.4;
				MTL_ENABLE_DEBUG_INFO = NO;
				MTL_FAST_MATH = YES;
				SDKROOT = iphoneos;
				SWIFT_COMPILATION_MODE = wholemodule;
				SWIFT_OPTIMIZATION_LEVEL = "-O";
				VALIDATE_PRODUCT = YES;
			};
			name = Release;
		};
		84C6C38523280B0E00E17AA4 /* Debug */ = {
			isa = XCBuildConfiguration;
			baseConfigurationReference = 308869E45C3672D1D0CECF43 /* Pods-NewsApp.debug.xcconfig */;
			buildSettings = {
				ASSETCATALOG_COMPILER_APPICON_NAME = AppIcon;
				CODE_SIGN_STYLE = Automatic;
				DEVELOPMENT_TEAM = 6SBFLP73DB;
				INFOPLIST_FILE = NewsApp/Resources/Info.plist;
				IPHONEOS_DEPLOYMENT_TARGET = 11.0;
				LD_RUNPATH_SEARCH_PATHS = (
					"$(inherited)",
					"@executable_path/Frameworks",
				);
				PRODUCT_BUNDLE_IDENTIFIER = com.news.app.io.NewsApp;
				PRODUCT_NAME = "$(TARGET_NAME)";
				SWIFT_VERSION = 5.0;
				TARGETED_DEVICE_FAMILY = "1,2";
			};
			name = Debug;
		};
		84C6C38623280B0E00E17AA4 /* Release */ = {
			isa = XCBuildConfiguration;
			baseConfigurationReference = BCB749196D31D89EDD01A19C /* Pods-NewsApp.release.xcconfig */;
			buildSettings = {
				ASSETCATALOG_COMPILER_APPICON_NAME = AppIcon;
				CODE_SIGN_STYLE = Automatic;
				DEVELOPMENT_TEAM = 6SBFLP73DB;
				INFOPLIST_FILE = NewsApp/Resources/Info.plist;
				IPHONEOS_DEPLOYMENT_TARGET = 11.0;
				LD_RUNPATH_SEARCH_PATHS = (
					"$(inherited)",
					"@executable_path/Frameworks",
				);
				PRODUCT_BUNDLE_IDENTIFIER = com.news.app.io.NewsApp;
				PRODUCT_NAME = "$(TARGET_NAME)";
				SWIFT_VERSION = 5.0;
				TARGETED_DEVICE_FAMILY = "1,2";
			};
			name = Release;
		};
		84C6C38823280B0E00E17AA4 /* Debug */ = {
			isa = XCBuildConfiguration;
			baseConfigurationReference = CB17AC9BE93AFF15E7A90284 /* Pods-NewsAppTests.debug.xcconfig */;
			buildSettings = {
				ALWAYS_EMBED_SWIFT_STANDARD_LIBRARIES = YES;
				BUNDLE_LOADER = "$(TEST_HOST)";
				CODE_SIGN_STYLE = Automatic;
				DEVELOPMENT_TEAM = 6SBFLP73DB;
				INFOPLIST_FILE = NewsAppTests/Info.plist;
				LD_RUNPATH_SEARCH_PATHS = (
					"$(inherited)",
					"@executable_path/Frameworks",
					"@loader_path/Frameworks",
				);
				PRODUCT_BUNDLE_IDENTIFIER = com.news.app.io.NewsAppTests;
				PRODUCT_NAME = "$(TARGET_NAME)";
				SWIFT_VERSION = 5.0;
				TARGETED_DEVICE_FAMILY = "1,2";
				TEST_HOST = "$(BUILT_PRODUCTS_DIR)/NewsApp.app/NewsApp";
			};
			name = Debug;
		};
		84C6C38923280B0E00E17AA4 /* Release */ = {
			isa = XCBuildConfiguration;
			baseConfigurationReference = 14654C678430E89891F5D142 /* Pods-NewsAppTests.release.xcconfig */;
			buildSettings = {
				ALWAYS_EMBED_SWIFT_STANDARD_LIBRARIES = YES;
				BUNDLE_LOADER = "$(TEST_HOST)";
				CODE_SIGN_STYLE = Automatic;
				DEVELOPMENT_TEAM = 6SBFLP73DB;
				INFOPLIST_FILE = NewsAppTests/Info.plist;
				LD_RUNPATH_SEARCH_PATHS = (
					"$(inherited)",
					"@executable_path/Frameworks",
					"@loader_path/Frameworks",
				);
				PRODUCT_BUNDLE_IDENTIFIER = com.news.app.io.NewsAppTests;
				PRODUCT_NAME = "$(TARGET_NAME)";
				SWIFT_VERSION = 5.0;
				TARGETED_DEVICE_FAMILY = "1,2";
				TEST_HOST = "$(BUILT_PRODUCTS_DIR)/NewsApp.app/NewsApp";
			};
			name = Release;
		};
/* End XCBuildConfiguration section */

/* Begin XCConfigurationList section */
		84C6C36223280B0D00E17AA4 /* Build configuration list for PBXProject "NewsApp" */ = {
			isa = XCConfigurationList;
			buildConfigurations = (
				84C6C38223280B0E00E17AA4 /* Debug */,
				84C6C38323280B0E00E17AA4 /* Release */,
			);
			defaultConfigurationIsVisible = 0;
			defaultConfigurationName = Release;
		};
		84C6C38423280B0E00E17AA4 /* Build configuration list for PBXNativeTarget "NewsApp" */ = {
			isa = XCConfigurationList;
			buildConfigurations = (
				84C6C38523280B0E00E17AA4 /* Debug */,
				84C6C38623280B0E00E17AA4 /* Release */,
			);
			defaultConfigurationIsVisible = 0;
			defaultConfigurationName = Release;
		};
		84C6C38723280B0E00E17AA4 /* Build configuration list for PBXNativeTarget "NewsAppTests" */ = {
			isa = XCConfigurationList;
			buildConfigurations = (
				84C6C38823280B0E00E17AA4 /* Debug */,
				84C6C38923280B0E00E17AA4 /* Release */,
			);
			defaultConfigurationIsVisible = 0;
			defaultConfigurationName = Release;
		};
/* End XCConfigurationList section */
	};
	rootObject = 84C6C35F23280B0D00E17AA4 /* Project object */;
}
